
Microsoft Visual Studio Solution File, Format Version 12.00
# Visual Studio Version 17
VisualStudioVersion = 17.0.31903.59
MinimumVisualStudioVersion = 10.0.40219.1
Project("{9A19103F-16F7-4668-BE54-9A1E7A4F7556}") = "Backend", "Backend\Backend.csproj", "{64B9E277-1112-4242-BF6D-F623FC9A929E}"
EndProject
Project("{9A19103F-16F7-4668-BE54-9A1E7A4F7556}") = "SharedLibrary", "SharedLibrary\SharedLibrary.csproj", "{77658113-2F7E-4E3C-8223-B9B902034E87}"
EndProject
Project("{9A19103F-16F7-4668-BE54-9A1E7A4F7556}") = "Client", "Client\Client.csproj", "{50AFAD19-120D-4846-AB8B-A10AF5B02765}"
EndProject
Global
	GlobalSection(SolutionConfigurationPlatforms) = preSolution
		Debug|Any CPU = Debug|Any CPU
		Release|Any CPU = Release|Any CPU
	EndGlobalSection
	GlobalSection(ProjectConfigurationPlatforms) = postSolution
		{64B9E277-1112-4242-BF6D-F623FC9A929E}.Debug|Any CPU.ActiveCfg = Debug|Any CPU
		{64B9E277-1112-4242-BF6D-F623FC9A929E}.Debug|Any CPU.Build.0 = Debug|Any CPU
		{64B9E277-1112-4242-BF6D-F623FC9A929E}.Release|Any CPU.ActiveCfg = Release|Any CPU
		{64B9E277-1112-4242-BF6D-F623FC9A929E}.Release|Any CPU.Build.0 = Release|Any CPU
		{77658113-2F7E-4E3C-8223-B9B902034E87}.Debug|Any CPU.ActiveCfg = Debug|Any CPU
		{77658113-2F7E-4E3C-8223-B9B902034E87}.Debug|Any CPU.Build.0 = Debug|Any CPU
		{77658113-2F7E-4E3C-8223-B9B902034E87}.Release|Any CPU.ActiveCfg = Release|Any CPU
		{77658113-2F7E-4E3C-8223-B9B902034E87}.Release|Any CPU.Build.0 = Release|Any CPU
		{50AFAD19-120D-4846-AB8B-A10AF5B02765}.Debug|Any CPU.ActiveCfg = Debug|Any CPU
		{50AFAD19-120D-4846-AB8B-A10AF5B02765}.Debug|Any CPU.Build.0 = Debug|Any CPU
		{50AFAD19-120D-4846-AB8B-A10AF5B02765}.Release|Any CPU.ActiveCfg = Release|Any CPU
		{50AFAD19-120D-4846-AB8B-A10AF5B02765}.Release|Any CPU.Build.0 = Release|Any CPU
	EndGlobalSection
	GlobalSection(SolutionProperties) = preSolution
		HideSolutionNode = FALSE
	EndGlobalSection
	GlobalSection(ExtensibilityGlobals) = postSolution
		SolutionGuid = {18AB0DD7-75D3-483E-BDB8-7346337CB9BC}
	EndGlobalSection
EndGlobal
